
Microsoft Visual Studio Solution File, Format Version 12.00
# Visual Studio Version 18
VisualStudioVersion = 18.0.11109.219
MinimumVisualStudioVersion = 10.0.40219.1
Project("{2150E333-8FDC-42A3-9474-1A3956D46DE8}") = "Source", "Source", "{02EA681E-C7D8-13C7-8484-4AC65E1B71E8}"
	ProjectSection(SolutionItems) = preProject
		.env = .env
		.env.example = .env.example
		apply-migrations.sh = apply-migrations.sh
		idempotent_migration_example.sql = idempotent_migration_example.sql
	EndProjectSection
EndProject
Project("{FAE04EC0-301F-11D3-BF4B-00C04F79EFBC}") = "GeneralReservationSystem.Infrastructure", "GeneralReservationSystem.Infrastructure\GeneralReservationSystem.Infrastructure.csproj", "{D795CC22-FB8F-4EF7-B234-263995402503}"
EndProject
Project("{FAE04EC0-301F-11D3-BF4B-00C04F79EFBC}") = "GeneralReservationSystem.Application", "GeneralReservationSystem.Application\GeneralReservationSystem.Application.csproj", "{120F192D-1AC8-40B8-A62A-AB8B6F31CAFE}"
EndProject
Project("{E53339B2-1760-4266-BCC7-CA923CBCF16C}") = "docker-compose", "docker-compose.dcproj", "{81DDED9D-158B-E303-5F62-77A2896D2A5A}"
EndProject
Project("{FAE04EC0-301F-11D3-BF4B-00C04F79EFBC}") = "GeneralReservationSystem.Tests", "GeneralReservationSystem.Tests\GeneralReservationSystem.Tests.csproj", "{9B54F143-36E3-48F5-B183-4191579FC092}"
EndProject
Project("{FAE04EC0-301F-11D3-BF4B-00C04F79EFBC}") = "GeneralReservationSystem.API", "GeneralReservationSystem.API\GeneralReservationSystem.API.csproj", "{04D9C2E5-FF3B-41B3-99DB-A3D2EA5104C6}"
EndProject
Project("{FAE04EC0-301F-11D3-BF4B-00C04F79EFBC}") = "GeneralReservationSystem.Web", "GeneralReservationSystem.Web\GeneralReservationSystem.Web\GeneralReservationSystem.Web.csproj", "{8B83AF15-F89C-496D-8AE7-FC107BDD5A1E}"
EndProject
Project("{FAE04EC0-301F-11D3-BF4B-00C04F79EFBC}") = "GeneralReservationSystem.Web.Client", "GeneralReservationSystem.Web\GeneralReservationSystem.Web.Client\GeneralReservationSystem.Web.Client.csproj", "{327F010E-B78F-4DB6-8339-7C8408465F57}"
EndProject
Project("{FAE04EC0-301F-11D3-BF4B-00C04F79EFBC}") = "GeneralReservationSystem.MockServices", "GeneralReservationSystem.MockServices\GeneralReservationSystem.MockServices.csproj", "{8EC627B9-D6AA-483A-9C55-67178FFF3DD0}"
EndProject
Global
	GlobalSection(SolutionConfigurationPlatforms) = preSolution
		Debug|Any CPU = Debug|Any CPU
		Release|Any CPU = Release|Any CPU
	EndGlobalSection
	GlobalSection(ProjectConfigurationPlatforms) = postSolution
		{D795CC22-FB8F-4EF7-B234-263995402503}.Debug|Any CPU.ActiveCfg = Debug|Any CPU
		{D795CC22-FB8F-4EF7-B234-263995402503}.Debug|Any CPU.Build.0 = Debug|Any CPU
		{D795CC22-FB8F-4EF7-B234-263995402503}.Release|Any CPU.ActiveCfg = Release|Any CPU
		{D795CC22-FB8F-4EF7-B234-263995402503}.Release|Any CPU.Build.0 = Release|Any CPU
		{120F192D-1AC8-40B8-A62A-AB8B6F31CAFE}.Debug|Any CPU.ActiveCfg = Debug|Any CPU
		{120F192D-1AC8-40B8-A62A-AB8B6F31CAFE}.Debug|Any CPU.Build.0 = Debug|Any CPU
		{120F192D-1AC8-40B8-A62A-AB8B6F31CAFE}.Release|Any CPU.ActiveCfg = Release|Any CPU
		{120F192D-1AC8-40B8-A62A-AB8B6F31CAFE}.Release|Any CPU.Build.0 = Release|Any CPU
		{81DDED9D-158B-E303-5F62-77A2896D2A5A}.Debug|Any CPU.ActiveCfg = Debug|Any CPU
		{81DDED9D-158B-E303-5F62-77A2896D2A5A}.Debug|Any CPU.Build.0 = Debug|Any CPU
		{81DDED9D-158B-E303-5F62-77A2896D2A5A}.Release|Any CPU.ActiveCfg = Release|Any CPU
		{81DDED9D-158B-E303-5F62-77A2896D2A5A}.Release|Any CPU.Build.0 = Release|Any CPU
		{9B54F143-36E3-48F5-B183-4191579FC092}.Debug|Any CPU.ActiveCfg = Debug|Any CPU
		{9B54F143-36E3-48F5-B183-4191579FC092}.Debug|Any CPU.Build.0 = Debug|Any CPU
		{9B54F143-36E3-48F5-B183-4191579FC092}.Release|Any CPU.ActiveCfg = Release|Any CPU
		{9B54F143-36E3-48F5-B183-4191579FC092}.Release|Any CPU.Build.0 = Release|Any CPU
		{04D9C2E5-FF3B-41B3-99DB-A3D2EA5104C6}.Debug|Any CPU.ActiveCfg = Debug|Any CPU
		{04D9C2E5-FF3B-41B3-99DB-A3D2EA5104C6}.Debug|Any CPU.Build.0 = Debug|Any CPU
		{04D9C2E5-FF3B-41B3-99DB-A3D2EA5104C6}.Release|Any CPU.ActiveCfg = Release|Any CPU
		{04D9C2E5-FF3B-41B3-99DB-A3D2EA5104C6}.Release|Any CPU.Build.0 = Release|Any CPU
		{8B83AF15-F89C-496D-8AE7-FC107BDD5A1E}.Debug|Any CPU.ActiveCfg = Debug|Any CPU
		{8B83AF15-F89C-496D-8AE7-FC107BDD5A1E}.Debug|Any CPU.Build.0 = Debug|Any CPU
		{8B83AF15-F89C-496D-8AE7-FC107BDD5A1E}.Release|Any CPU.ActiveCfg = Release|Any CPU
		{8B83AF15-F89C-496D-8AE7-FC107BDD5A1E}.Release|Any CPU.Build.0 = Release|Any CPU
		{327F010E-B78F-4DB6-8339-7C8408465F57}.Debug|Any CPU.ActiveCfg = Debug|Any CPU
		{327F010E-B78F-4DB6-8339-7C8408465F57}.Debug|Any CPU.Build.0 = Debug|Any CPU
		{327F010E-B78F-4DB6-8339-7C8408465F57}.Release|Any CPU.ActiveCfg = Release|Any CPU
		{327F010E-B78F-4DB6-8339-7C8408465F57}.Release|Any CPU.Build.0 = Release|Any CPU
		{8EC627B9-D6AA-483A-9C55-67178FFF3DD0}.Debug|Any CPU.ActiveCfg = Debug|Any CPU
		{8EC627B9-D6AA-483A-9C55-67178FFF3DD0}.Debug|Any CPU.Build.0 = Debug|Any CPU
		{8EC627B9-D6AA-483A-9C55-67178FFF3DD0}.Release|Any CPU.ActiveCfg = Release|Any CPU
		{8EC627B9-D6AA-483A-9C55-67178FFF3DD0}.Release|Any CPU.Build.0 = Release|Any CPU
	EndGlobalSection
	GlobalSection(SolutionProperties) = preSolution
		HideSolutionNode = FALSE
	EndGlobalSection
	GlobalSection(NestedProjects) = preSolution
		{D795CC22-FB8F-4EF7-B234-263995402503} = {02EA681E-C7D8-13C7-8484-4AC65E1B71E8}
		{120F192D-1AC8-40B8-A62A-AB8B6F31CAFE} = {02EA681E-C7D8-13C7-8484-4AC65E1B71E8}
		{9B54F143-36E3-48F5-B183-4191579FC092} = {02EA681E-C7D8-13C7-8484-4AC65E1B71E8}
		{04D9C2E5-FF3B-41B3-99DB-A3D2EA5104C6} = {02EA681E-C7D8-13C7-8484-4AC65E1B71E8}
		{8B83AF15-F89C-496D-8AE7-FC107BDD5A1E} = {02EA681E-C7D8-13C7-8484-4AC65E1B71E8}
		{327F010E-B78F-4DB6-8339-7C8408465F57} = {02EA681E-C7D8-13C7-8484-4AC65E1B71E8}
		{8EC627B9-D6AA-483A-9C55-67178FFF3DD0} = {02EA681E-C7D8-13C7-8484-4AC65E1B71E8}
	EndGlobalSection
	GlobalSection(ExtensibilityGlobals) = postSolution
		SolutionGuid = {55D942AB-6EC8-4F5D-B4D0-983864A504DC}
	EndGlobalSection
EndGlobal
